
Microsoft Visual Studio Solution File, Format Version 12.00
# Visual Studio Version 16
VisualStudioVersion = 16.0.31402.337
MinimumVisualStudioVersion = 10.0.40219.1
Project("{9A19103F-16F7-4668-BE54-9A1E7A4F7556}") = "Avanade-SubTCSE-Projeto", "Avanade-SubTCSE-Projeto\Avanade-SubTCSE-Projeto.csproj", "{2ADAE8AD-4BC5-4801-A32C-A2913C83D695}"
EndProject
Project("{2150E333-8FDC-42A3-9474-1A3956D46DE8}") = "0-AppService", "0-AppService", "{07238309-1E95-41DF-80FA-4C4417165047}"
EndProject
Project("{2150E333-8FDC-42A3-9474-1A3956D46DE8}") = "1-Application", "1-Application", "{CA44C54C-3AD8-4EB6-9E42-B91C97735CDB}"
EndProject
Project("{2150E333-8FDC-42A3-9474-1A3956D46DE8}") = "2-Domain", "2-Domain", "{470CC363-67F0-4569-B3CF-851622DE496B}"
EndProject
Project("{2150E333-8FDC-42A3-9474-1A3956D46DE8}") = "3-Infra", "3-Infra", "{B62455DC-4269-495B-B9D6-FAE2C7AE26B7}"
EndProject
Project("{2150E333-8FDC-42A3-9474-1A3956D46DE8}") = "4-Test", "4-Test", "{8B86751F-56E9-4790-BC84-9A2930CD6177}"
EndProject
Project("{2150E333-8FDC-42A3-9474-1A3956D46DE8}") = "3.1-CrossCutting", "3.1-CrossCutting", "{DB37ED7E-5869-4EEA-946C-14417E2DC381}"
EndProject
Project("{2150E333-8FDC-42A3-9474-1A3956D46DE8}") = "3.2-Data", "3.2-Data", "{22DEBBEF-BA17-45B7-A4E5-29760D719DE6}"
EndProject
Project("{FAE04EC0-301F-11D3-BF4B-00C04F79EFBC}") = "Avanade.SubTCSE.Projeto.Application", "Avanade.SubTCSE.Projeto.Application\Avanade.SubTCSE.Projeto.Application.csproj", "{219B98E1-8D4C-4197-9AFA-70B7D8B54E7B}"
EndProject
Project("{FAE04EC0-301F-11D3-BF4B-00C04F79EFBC}") = "Avanade.SubTCSE.Projeto.Domain", "Avanade.SubTCSE.Projeto.Domain\Avanade.SubTCSE.Projeto.Domain.csproj", "{03A81052-0F12-4B59-B5C8-54246493CF8D}"
EndProject
Project("{FAE04EC0-301F-11D3-BF4B-00C04F79EFBC}") = "Avanade.SubTCSE.Projeto.CrossCutting", "Avanade.SubTCSE.Projeto.CrossCutting\Avanade.SubTCSE.Projeto.CrossCutting.csproj", "{28840824-DF4D-4850-A851-58EFDCC19F53}"
EndProject
Project("{FAE04EC0-301F-11D3-BF4B-00C04F79EFBC}") = "Avanade.SubTCSE.Projeto.Data", "Avanade.SubTCSE.Projeto.Data\Avanade.SubTCSE.Projeto.Data.csproj", "{C5633527-D034-4C9E-AE9C-72773C9D7ACD}"
EndProject
Global
	GlobalSection(SolutionConfigurationPlatforms) = preSolution
		Debug|Any CPU = Debug|Any CPU
		Release|Any CPU = Release|Any CPU
	EndGlobalSection
	GlobalSection(ProjectConfigurationPlatforms) = postSolution
		{2ADAE8AD-4BC5-4801-A32C-A2913C83D695}.Debug|Any CPU.ActiveCfg = Debug|Any CPU
		{2ADAE8AD-4BC5-4801-A32C-A2913C83D695}.Debug|Any CPU.Build.0 = Debug|Any CPU
		{2ADAE8AD-4BC5-4801-A32C-A2913C83D695}.Release|Any CPU.ActiveCfg = Release|Any CPU
		{2ADAE8AD-4BC5-4801-A32C-A2913C83D695}.Release|Any CPU.Build.0 = Release|Any CPU
		{219B98E1-8D4C-4197-9AFA-70B7D8B54E7B}.Debug|Any CPU.ActiveCfg = Debug|Any CPU
		{219B98E1-8D4C-4197-9AFA-70B7D8B54E7B}.Debug|Any CPU.Build.0 = Debug|Any CPU
		{219B98E1-8D4C-4197-9AFA-70B7D8B54E7B}.Release|Any CPU.ActiveCfg = Release|Any CPU
		{219B98E1-8D4C-4197-9AFA-70B7D8B54E7B}.Release|Any CPU.Build.0 = Release|Any CPU
		{03A81052-0F12-4B59-B5C8-54246493CF8D}.Debug|Any CPU.ActiveCfg = Debug|Any CPU
		{03A81052-0F12-4B59-B5C8-54246493CF8D}.Debug|Any CPU.Build.0 = Debug|Any CPU
		{03A81052-0F12-4B59-B5C8-54246493CF8D}.Release|Any CPU.ActiveCfg = Release|Any CPU
		{03A81052-0F12-4B59-B5C8-54246493CF8D}.Release|Any CPU.Build.0 = Release|Any CPU
		{28840824-DF4D-4850-A851-58EFDCC19F53}.Debug|Any CPU.ActiveCfg = Debug|Any CPU
		{28840824-DF4D-4850-A851-58EFDCC19F53}.Debug|Any CPU.Build.0 = Debug|Any CPU
		{28840824-DF4D-4850-A851-58EFDCC19F53}.Release|Any CPU.ActiveCfg = Release|Any CPU
		{28840824-DF4D-4850-A851-58EFDCC19F53}.Release|Any CPU.Build.0 = Release|Any CPU
		{C5633527-D034-4C9E-AE9C-72773C9D7ACD}.Debug|Any CPU.ActiveCfg = Debug|Any CPU
		{C5633527-D034-4C9E-AE9C-72773C9D7ACD}.Debug|Any CPU.Build.0 = Debug|Any CPU
		{C5633527-D034-4C9E-AE9C-72773C9D7ACD}.Release|Any CPU.ActiveCfg = Release|Any CPU
		{C5633527-D034-4C9E-AE9C-72773C9D7ACD}.Release|Any CPU.Build.0 = Release|Any CPU
	EndGlobalSection
	GlobalSection(SolutionProperties) = preSolution
		HideSolutionNode = FALSE
	EndGlobalSection
	GlobalSection(NestedProjects) = preSolution
		{2ADAE8AD-4BC5-4801-A32C-A2913C83D695} = {07238309-1E95-41DF-80FA-4C4417165047}
		{DB37ED7E-5869-4EEA-946C-14417E2DC381} = {B62455DC-4269-495B-B9D6-FAE2C7AE26B7}
		{22DEBBEF-BA17-45B7-A4E5-29760D719DE6} = {B62455DC-4269-495B-B9D6-FAE2C7AE26B7}
		{219B98E1-8D4C-4197-9AFA-70B7D8B54E7B} = {CA44C54C-3AD8-4EB6-9E42-B91C97735CDB}
		{03A81052-0F12-4B59-B5C8-54246493CF8D} = {470CC363-67F0-4569-B3CF-851622DE496B}
		{28840824-DF4D-4850-A851-58EFDCC19F53} = {DB37ED7E-5869-4EEA-946C-14417E2DC381}
		{C5633527-D034-4C9E-AE9C-72773C9D7ACD} = {22DEBBEF-BA17-45B7-A4E5-29760D719DE6}
	EndGlobalSection
	GlobalSection(ExtensibilityGlobals) = postSolution
		SolutionGuid = {DC6AED35-F3B1-48CD-BDFF-C0C7D35A879A}
	EndGlobalSection
EndGlobal
